
Microsoft Visual Studio Solution File, Format Version 12.00
# Visual Studio Version 16
VisualStudioVersion = 16.0.30128.74
MinimumVisualStudioVersion = 10.0.40219.1
Project("{FAE04EC0-301F-11D3-BF4B-00C04F79EFBC}") = "MvcMovie", "MvcMovie.csproj", "{ABAA7C96-2DA2-427D-9E7F-1F28433AAF03}"
EndProject
Global
	GlobalSection(SolutionConfigurationPlatforms) = preSolution
		Debug|Any CPU = Debug|Any CPU
		Release|Any CPU = Release|Any CPU
	EndGlobalSection
	GlobalSection(ProjectConfigurationPlatforms) = postSolution
		{ABAA7C96-2DA2-427D-9E7F-1F28433AAF03}.Debug|Any CPU.ActiveCfg = Debug|Any CPU
		{ABAA7C96-2DA2-427D-9E7F-1F28433AAF03}.Debug|Any CPU.Build.0 = Debug|Any CPU
		{ABAA7C96-2DA2-427D-9E7F-1F28433AAF03}.Release|Any CPU.ActiveCfg = Release|Any CPU
		{ABAA7C96-2DA2-427D-9E7F-1F28433AAF03}.Release|Any CPU.Build.0 = Release|Any CPU
	EndGlobalSection
	GlobalSection(SolutionProperties) = preSolution
		HideSolutionNode = FALSE
	EndGlobalSection
	GlobalSection(ExtensibilityGlobals) = postSolution
		SolutionGuid = {9A25C1F7-AA6B-4B5F-8556-DA2AD488B36F}
	EndGlobalSection
EndGlobal
